
Microsoft Visual Studio Solution File, Format Version 12.00
# Visual Studio Version 16
VisualStudioVersion = 16.0.29123.88
MinimumVisualStudioVersion = 10.0.40219.1
Project("{FAE04EC0-301F-11D3-BF4B-00C04F79EFBC}") = "LW.DynamicLinq", "LW.DynamicLinq\LW.DynamicLinq.csproj", "{A56A8DB0-1CF8-48B4-B843-0F05A4C06D10}"
EndProject
Project("{9A19103F-16F7-4668-BE54-9A1E7A4F7556}") = "System.Linq.Dynamic.Core", "System.Linq.Dynamic.Core\System.Linq.Dynamic.Core.csproj", "{D3804228-91F4-4502-9595-39584E510002}"
EndProject
Project("{9A19103F-16F7-4668-BE54-9A1E7A4F7556}") = "Microsoft.EntityFrameworkCore.DynamicLinq", "Microsoft.EntityFrameworkCore.DynamicLinq\Microsoft.EntityFrameworkCore.DynamicLinq.csproj", "{D3804228-91F4-4502-9595-39584E510001}"
EndProject
Global
	GlobalSection(SolutionConfigurationPlatforms) = preSolution
		Debug|Any CPU = Debug|Any CPU
		Release|Any CPU = Release|Any CPU
	EndGlobalSection
	GlobalSection(ProjectConfigurationPlatforms) = postSolution
		{A56A8DB0-1CF8-48B4-B843-0F05A4C06D10}.Debug|Any CPU.ActiveCfg = Debug|Any CPU
		{A56A8DB0-1CF8-48B4-B843-0F05A4C06D10}.Debug|Any CPU.Build.0 = Debug|Any CPU
		{A56A8DB0-1CF8-48B4-B843-0F05A4C06D10}.Release|Any CPU.ActiveCfg = Release|Any CPU
		{A56A8DB0-1CF8-48B4-B843-0F05A4C06D10}.Release|Any CPU.Build.0 = Release|Any CPU
		{D3804228-91F4-4502-9595-39584E510002}.Debug|Any CPU.ActiveCfg = Debug|Any CPU
		{D3804228-91F4-4502-9595-39584E510002}.Debug|Any CPU.Build.0 = Debug|Any CPU
		{D3804228-91F4-4502-9595-39584E510002}.Release|Any CPU.ActiveCfg = Release|Any CPU
		{D3804228-91F4-4502-9595-39584E510002}.Release|Any CPU.Build.0 = Release|Any CPU
		{D3804228-91F4-4502-9595-39584E510001}.Debug|Any CPU.ActiveCfg = Debug|Any CPU
		{D3804228-91F4-4502-9595-39584E510001}.Debug|Any CPU.Build.0 = Debug|Any CPU
		{D3804228-91F4-4502-9595-39584E510001}.Release|Any CPU.ActiveCfg = Release|Any CPU
		{D3804228-91F4-4502-9595-39584E510001}.Release|Any CPU.Build.0 = Release|Any CPU
	EndGlobalSection
	GlobalSection(SolutionProperties) = preSolution
		HideSolutionNode = FALSE
	EndGlobalSection
	GlobalSection(ExtensibilityGlobals) = postSolution
		SolutionGuid = {A93D25E9-8B18-4257-BDAC-D890B0257484}
	EndGlobalSection
EndGlobal
